
Microsoft Visual Studio Solution File, Format Version 12.00
# Visual Studio Version 17
VisualStudioVersion = 17.0.31825.309
MinimumVisualStudioVersion = 10.0.40219.1
Project("{FAE04EC0-301F-11D3-BF4B-00C04F79EFBC}") = "ClashOptimiser", "ClashOptimiser\ClashOptimiser.csproj", "{CD20EC0E-7F1C-45E5-ADED-9941A351A79A}"
EndProject
Project("{FAE04EC0-301F-11D3-BF4B-00C04F79EFBC}") = "CreateSelectionSet", "CreateSelectionSet\CreateSelectionSet\CreateSelectionSet.csproj", "{4F9D64D1-5117-4411-AB4A-76296E58AC3F}"
EndProject
Project("{FAE04EC0-301F-11D3-BF4B-00C04F79EFBC}") = "ServicesBelowCeiling", "ServicesBelowCeiling\ServicesBelowCeiling\ServicesBelowCeiling.csproj", "{26B639CF-DEDC-49EC-93C8-F49429734FF1}"
EndProject
Project("{FAE04EC0-301F-11D3-BF4B-00C04F79EFBC}") = "MergeTimeLinerData", "MergeTimeLinerData\MergeTimeLinerData\MergeTimeLinerData.csproj", "{B88065A9-3D76-4D92-8227-D345516CCE68}"
EndProject
Project("{FAE04EC0-301F-11D3-BF4B-00C04F79EFBC}") = "GroupClashes", "GroupClashes-master\GroupClashes\GroupClashes.csproj", "{3876FA5D-2B66-4859-A4CD-12F9020B4C29}"
EndProject
Project("{FAE04EC0-301F-11D3-BF4B-00C04F79EFBC}") = "NwcOpenLocation", "OpenLocation\NwcOpenLocation.csproj", "{253358C5-46CA-4B6E-AFC3-0938194369DF}"
EndProject
Project("{FAE04EC0-301F-11D3-BF4B-00C04F79EFBC}") = "Utility", "Utility\Utility.csproj", "{A0CEC185-D61D-4BAA-88ED-F8A09E41727F}"
EndProject
Project("{FAE04EC0-301F-11D3-BF4B-00C04F79EFBC}") = "CreateRevitSchedule", "CreateRevitSchedule\CreateRevitSchedule.csproj", "{B175A48E-0A5B-478A-9F85-4A41DEDE4E7E}"
EndProject
Project("{FAE04EC0-301F-11D3-BF4B-00C04F79EFBC}") = "PiNavisworks", "PiNavisworks\PiNavisworks.csproj", "{65AA71B2-0D05-4419-98D6-648D0B393CD9}"
	ProjectSection(ProjectDependencies) = postProject
		{CD20EC0E-7F1C-45E5-ADED-9941A351A79A} = {CD20EC0E-7F1C-45E5-ADED-9941A351A79A}
		{3876FA5D-2B66-4859-A4CD-12F9020B4C29} = {3876FA5D-2B66-4859-A4CD-12F9020B4C29}
		{F0A89A62-8C23-4CF7-AC24-129F3FE36C28} = {F0A89A62-8C23-4CF7-AC24-129F3FE36C28}
		{A0CEC185-D61D-4BAA-88ED-F8A09E41727F} = {A0CEC185-D61D-4BAA-88ED-F8A09E41727F}
		{B175A48E-0A5B-478A-9F85-4A41DEDE4E7E} = {B175A48E-0A5B-478A-9F85-4A41DEDE4E7E}
		{B88065A9-3D76-4D92-8227-D345516CCE68} = {B88065A9-3D76-4D92-8227-D345516CCE68}
		{253358C5-46CA-4B6E-AFC3-0938194369DF} = {253358C5-46CA-4B6E-AFC3-0938194369DF}
		{26B639CF-DEDC-49EC-93C8-F49429734FF1} = {26B639CF-DEDC-49EC-93C8-F49429734FF1}
		{4F9D64D1-5117-4411-AB4A-76296E58AC3F} = {4F9D64D1-5117-4411-AB4A-76296E58AC3F}
	EndProjectSection
EndProject
Project("{FAE04EC0-301F-11D3-BF4B-00C04F79EFBC}") = "Support", "Support_Backup\Support.csproj", "{967AF162-4CF6-4CA9-BB87-68CF95D1A48D}"
EndProject
Project("{FAE04EC0-301F-11D3-BF4B-00C04F79EFBC}") = "LevelwiseViewpointCreater", "LevelwiseViewpointCreater\LevelwiseViewpointCreater.csproj", "{F0A89A62-8C23-4CF7-AC24-129F3FE36C28}"
EndProject
Project("{FAE04EC0-301F-11D3-BF4B-00C04F79EFBC}") = "WpfUITestingApp", "WpfUITestingApp\WpfUITestingApp.csproj", "{391421C6-3DF4-446E-AEF8-8E23989B5C60}"
EndProject
Global
	GlobalSection(SolutionConfigurationPlatforms) = preSolution
		Debug|Any CPU = Debug|Any CPU
		Release|Any CPU = Release|Any CPU
		v12|Any CPU = v12|Any CPU
		v13|Any CPU = v13|Any CPU
		v14|Any CPU = v14|Any CPU
		v15|Any CPU = v15|Any CPU
		v16|Any CPU = v16|Any CPU
		v17|Any CPU = v17|Any CPU
	EndGlobalSection
	GlobalSection(ProjectConfigurationPlatforms) = postSolution
		{CD20EC0E-7F1C-45E5-ADED-9941A351A79A}.Debug|Any CPU.ActiveCfg = Debug|Any CPU
		{CD20EC0E-7F1C-45E5-ADED-9941A351A79A}.Release|Any CPU.ActiveCfg = Release|Any CPU
		{CD20EC0E-7F1C-45E5-ADED-9941A351A79A}.Release|Any CPU.Build.0 = Release|Any CPU
		{CD20EC0E-7F1C-45E5-ADED-9941A351A79A}.v12|Any CPU.ActiveCfg = Release|Any CPU
		{CD20EC0E-7F1C-45E5-ADED-9941A351A79A}.v12|Any CPU.Build.0 = Release|Any CPU
		{CD20EC0E-7F1C-45E5-ADED-9941A351A79A}.v13|Any CPU.ActiveCfg = Release|Any CPU
		{CD20EC0E-7F1C-45E5-ADED-9941A351A79A}.v13|Any CPU.Build.0 = Release|Any CPU
		{CD20EC0E-7F1C-45E5-ADED-9941A351A79A}.v14|Any CPU.ActiveCfg = Release|Any CPU
		{CD20EC0E-7F1C-45E5-ADED-9941A351A79A}.v14|Any CPU.Build.0 = Release|Any CPU
		{CD20EC0E-7F1C-45E5-ADED-9941A351A79A}.v15|Any CPU.ActiveCfg = Release|Any CPU
		{CD20EC0E-7F1C-45E5-ADED-9941A351A79A}.v15|Any CPU.Build.0 = Release|Any CPU
		{CD20EC0E-7F1C-45E5-ADED-9941A351A79A}.v16|Any CPU.ActiveCfg = Release|Any CPU
		{CD20EC0E-7F1C-45E5-ADED-9941A351A79A}.v16|Any CPU.Build.0 = Release|Any CPU
		{CD20EC0E-7F1C-45E5-ADED-9941A351A79A}.v17|Any CPU.ActiveCfg = Release|Any CPU
		{CD20EC0E-7F1C-45E5-ADED-9941A351A79A}.v17|Any CPU.Build.0 = Release|Any CPU
		{4F9D64D1-5117-4411-AB4A-76296E58AC3F}.Debug|Any CPU.ActiveCfg = Debug|Any CPU
		{4F9D64D1-5117-4411-AB4A-76296E58AC3F}.Release|Any CPU.ActiveCfg = Release|Any CPU
		{4F9D64D1-5117-4411-AB4A-76296E58AC3F}.Release|Any CPU.Build.0 = Release|Any CPU
		{4F9D64D1-5117-4411-AB4A-76296E58AC3F}.v12|Any CPU.ActiveCfg = Release|Any CPU
		{4F9D64D1-5117-4411-AB4A-76296E58AC3F}.v12|Any CPU.Build.0 = Release|Any CPU
		{4F9D64D1-5117-4411-AB4A-76296E58AC3F}.v13|Any CPU.ActiveCfg = Release|Any CPU
		{4F9D64D1-5117-4411-AB4A-76296E58AC3F}.v13|Any CPU.Build.0 = Release|Any CPU
		{4F9D64D1-5117-4411-AB4A-76296E58AC3F}.v14|Any CPU.ActiveCfg = Release|Any CPU
		{4F9D64D1-5117-4411-AB4A-76296E58AC3F}.v14|Any CPU.Build.0 = Release|Any CPU
		{4F9D64D1-5117-4411-AB4A-76296E58AC3F}.v15|Any CPU.ActiveCfg = Release|Any CPU
		{4F9D64D1-5117-4411-AB4A-76296E58AC3F}.v15|Any CPU.Build.0 = Release|Any CPU
		{4F9D64D1-5117-4411-AB4A-76296E58AC3F}.v16|Any CPU.ActiveCfg = Release|Any CPU
		{4F9D64D1-5117-4411-AB4A-76296E58AC3F}.v16|Any CPU.Build.0 = Release|Any CPU
		{4F9D64D1-5117-4411-AB4A-76296E58AC3F}.v17|Any CPU.ActiveCfg = Release|Any CPU
		{4F9D64D1-5117-4411-AB4A-76296E58AC3F}.v17|Any CPU.Build.0 = Release|Any CPU
		{26B639CF-DEDC-49EC-93C8-F49429734FF1}.Debug|Any CPU.ActiveCfg = Debug|Any CPU
		{26B639CF-DEDC-49EC-93C8-F49429734FF1}.Release|Any CPU.ActiveCfg = Release|Any CPU
		{26B639CF-DEDC-49EC-93C8-F49429734FF1}.Release|Any CPU.Build.0 = Release|Any CPU
		{26B639CF-DEDC-49EC-93C8-F49429734FF1}.v12|Any CPU.ActiveCfg = Release|Any CPU
		{26B639CF-DEDC-49EC-93C8-F49429734FF1}.v12|Any CPU.Build.0 = Release|Any CPU
		{26B639CF-DEDC-49EC-93C8-F49429734FF1}.v13|Any CPU.ActiveCfg = Release|Any CPU
		{26B639CF-DEDC-49EC-93C8-F49429734FF1}.v13|Any CPU.Build.0 = Release|Any CPU
		{26B639CF-DEDC-49EC-93C8-F49429734FF1}.v14|Any CPU.ActiveCfg = Release|Any CPU
		{26B639CF-DEDC-49EC-93C8-F49429734FF1}.v14|Any CPU.Build.0 = Release|Any CPU
		{26B639CF-DEDC-49EC-93C8-F49429734FF1}.v15|Any CPU.ActiveCfg = Release|Any CPU
		{26B639CF-DEDC-49EC-93C8-F49429734FF1}.v15|Any CPU.Build.0 = Release|Any CPU
		{26B639CF-DEDC-49EC-93C8-F49429734FF1}.v16|Any CPU.ActiveCfg = Release|Any CPU
		{26B639CF-DEDC-49EC-93C8-F49429734FF1}.v16|Any CPU.Build.0 = Release|Any CPU
		{26B639CF-DEDC-49EC-93C8-F49429734FF1}.v17|Any CPU.ActiveCfg = Release|Any CPU
		{26B639CF-DEDC-49EC-93C8-F49429734FF1}.v17|Any CPU.Build.0 = Release|Any CPU
		{B88065A9-3D76-4D92-8227-D345516CCE68}.Debug|Any CPU.ActiveCfg = Debug|Any CPU
		{B88065A9-3D76-4D92-8227-D345516CCE68}.Release|Any CPU.ActiveCfg = Release|Any CPU
		{B88065A9-3D76-4D92-8227-D345516CCE68}.Release|Any CPU.Build.0 = Release|Any CPU
		{B88065A9-3D76-4D92-8227-D345516CCE68}.v12|Any CPU.ActiveCfg = Release|Any CPU
		{B88065A9-3D76-4D92-8227-D345516CCE68}.v12|Any CPU.Build.0 = Release|Any CPU
		{B88065A9-3D76-4D92-8227-D345516CCE68}.v13|Any CPU.ActiveCfg = Release|Any CPU
		{B88065A9-3D76-4D92-8227-D345516CCE68}.v13|Any CPU.Build.0 = Release|Any CPU
		{B88065A9-3D76-4D92-8227-D345516CCE68}.v14|Any CPU.ActiveCfg = Release|Any CPU
		{B88065A9-3D76-4D92-8227-D345516CCE68}.v14|Any CPU.Build.0 = Release|Any CPU
		{B88065A9-3D76-4D92-8227-D345516CCE68}.v15|Any CPU.ActiveCfg = Release|Any CPU
		{B88065A9-3D76-4D92-8227-D345516CCE68}.v15|Any CPU.Build.0 = Release|Any CPU
		{B88065A9-3D76-4D92-8227-D345516CCE68}.v16|Any CPU.ActiveCfg = Release|Any CPU
		{B88065A9-3D76-4D92-8227-D345516CCE68}.v16|Any CPU.Build.0 = Release|Any CPU
		{B88065A9-3D76-4D92-8227-D345516CCE68}.v17|Any CPU.ActiveCfg = Release|Any CPU
		{B88065A9-3D76-4D92-8227-D345516CCE68}.v17|Any CPU.Build.0 = Release|Any CPU
		{3876FA5D-2B66-4859-A4CD-12F9020B4C29}.Debug|Any CPU.ActiveCfg = Debug|Any CPU
		{3876FA5D-2B66-4859-A4CD-12F9020B4C29}.Release|Any CPU.ActiveCfg = Release|Any CPU
		{3876FA5D-2B66-4859-A4CD-12F9020B4C29}.Release|Any CPU.Build.0 = Release|Any CPU
		{3876FA5D-2B66-4859-A4CD-12F9020B4C29}.v12|Any CPU.ActiveCfg = v12|Any CPU
		{3876FA5D-2B66-4859-A4CD-12F9020B4C29}.v12|Any CPU.Build.0 = v12|Any CPU
		{3876FA5D-2B66-4859-A4CD-12F9020B4C29}.v13|Any CPU.ActiveCfg = v13|Any CPU
		{3876FA5D-2B66-4859-A4CD-12F9020B4C29}.v13|Any CPU.Build.0 = v13|Any CPU
		{3876FA5D-2B66-4859-A4CD-12F9020B4C29}.v14|Any CPU.ActiveCfg = v14|Any CPU
		{3876FA5D-2B66-4859-A4CD-12F9020B4C29}.v14|Any CPU.Build.0 = v14|Any CPU
		{3876FA5D-2B66-4859-A4CD-12F9020B4C29}.v15|Any CPU.ActiveCfg = v15|Any CPU
		{3876FA5D-2B66-4859-A4CD-12F9020B4C29}.v15|Any CPU.Build.0 = v15|Any CPU
		{3876FA5D-2B66-4859-A4CD-12F9020B4C29}.v16|Any CPU.ActiveCfg = v16|Any CPU
		{3876FA5D-2B66-4859-A4CD-12F9020B4C29}.v16|Any CPU.Build.0 = v16|Any CPU
		{3876FA5D-2B66-4859-A4CD-12F9020B4C29}.v17|Any CPU.ActiveCfg = v17|Any CPU
		{3876FA5D-2B66-4859-A4CD-12F9020B4C29}.v17|Any CPU.Build.0 = v17|Any CPU
		{253358C5-46CA-4B6E-AFC3-0938194369DF}.Debug|Any CPU.ActiveCfg = Debug|Any CPU
		{253358C5-46CA-4B6E-AFC3-0938194369DF}.Release|Any CPU.ActiveCfg = Release|Any CPU
		{253358C5-46CA-4B6E-AFC3-0938194369DF}.Release|Any CPU.Build.0 = Release|Any CPU
		{253358C5-46CA-4B6E-AFC3-0938194369DF}.v12|Any CPU.ActiveCfg = Release|Any CPU
		{253358C5-46CA-4B6E-AFC3-0938194369DF}.v12|Any CPU.Build.0 = Release|Any CPU
		{253358C5-46CA-4B6E-AFC3-0938194369DF}.v13|Any CPU.ActiveCfg = Release|Any CPU
		{253358C5-46CA-4B6E-AFC3-0938194369DF}.v13|Any CPU.Build.0 = Release|Any CPU
		{253358C5-46CA-4B6E-AFC3-0938194369DF}.v14|Any CPU.ActiveCfg = Release|Any CPU
		{253358C5-46CA-4B6E-AFC3-0938194369DF}.v14|Any CPU.Build.0 = Release|Any CPU
		{253358C5-46CA-4B6E-AFC3-0938194369DF}.v15|Any CPU.ActiveCfg = Release|Any CPU
		{253358C5-46CA-4B6E-AFC3-0938194369DF}.v15|Any CPU.Build.0 = Release|Any CPU
		{253358C5-46CA-4B6E-AFC3-0938194369DF}.v16|Any CPU.ActiveCfg = Release|Any CPU
		{253358C5-46CA-4B6E-AFC3-0938194369DF}.v16|Any CPU.Build.0 = Release|Any CPU
		{253358C5-46CA-4B6E-AFC3-0938194369DF}.v17|Any CPU.ActiveCfg = Release|Any CPU
		{253358C5-46CA-4B6E-AFC3-0938194369DF}.v17|Any CPU.Build.0 = Release|Any CPU
		{A0CEC185-D61D-4BAA-88ED-F8A09E41727F}.Debug|Any CPU.ActiveCfg = Debug|Any CPU
		{A0CEC185-D61D-4BAA-88ED-F8A09E41727F}.Release|Any CPU.ActiveCfg = Release|Any CPU
		{A0CEC185-D61D-4BAA-88ED-F8A09E41727F}.Release|Any CPU.Build.0 = Release|Any CPU
		{A0CEC185-D61D-4BAA-88ED-F8A09E41727F}.v12|Any CPU.ActiveCfg = Debug|Any CPU
		{A0CEC185-D61D-4BAA-88ED-F8A09E41727F}.v12|Any CPU.Build.0 = Debug|Any CPU
		{A0CEC185-D61D-4BAA-88ED-F8A09E41727F}.v13|Any CPU.ActiveCfg = Debug|Any CPU
		{A0CEC185-D61D-4BAA-88ED-F8A09E41727F}.v13|Any CPU.Build.0 = Debug|Any CPU
		{A0CEC185-D61D-4BAA-88ED-F8A09E41727F}.v14|Any CPU.ActiveCfg = Debug|Any CPU
		{A0CEC185-D61D-4BAA-88ED-F8A09E41727F}.v14|Any CPU.Build.0 = Debug|Any CPU
		{A0CEC185-D61D-4BAA-88ED-F8A09E41727F}.v15|Any CPU.ActiveCfg = Debug|Any CPU
		{A0CEC185-D61D-4BAA-88ED-F8A09E41727F}.v15|Any CPU.Build.0 = Debug|Any CPU
		{A0CEC185-D61D-4BAA-88ED-F8A09E41727F}.v16|Any CPU.ActiveCfg = Debug|Any CPU
		{A0CEC185-D61D-4BAA-88ED-F8A09E41727F}.v16|Any CPU.Build.0 = Debug|Any CPU
		{A0CEC185-D61D-4BAA-88ED-F8A09E41727F}.v17|Any CPU.ActiveCfg = Debug|Any CPU
		{A0CEC185-D61D-4BAA-88ED-F8A09E41727F}.v17|Any CPU.Build.0 = Debug|Any CPU
		{B175A48E-0A5B-478A-9F85-4A41DEDE4E7E}.Debug|Any CPU.ActiveCfg = Debug|Any CPU
		{B175A48E-0A5B-478A-9F85-4A41DEDE4E7E}.Release|Any CPU.ActiveCfg = Release|Any CPU
		{B175A48E-0A5B-478A-9F85-4A41DEDE4E7E}.Release|Any CPU.Build.0 = Release|Any CPU
		{B175A48E-0A5B-478A-9F85-4A41DEDE4E7E}.v12|Any CPU.ActiveCfg = Debug|Any CPU
		{B175A48E-0A5B-478A-9F85-4A41DEDE4E7E}.v12|Any CPU.Build.0 = Debug|Any CPU
		{B175A48E-0A5B-478A-9F85-4A41DEDE4E7E}.v13|Any CPU.ActiveCfg = Debug|Any CPU
		{B175A48E-0A5B-478A-9F85-4A41DEDE4E7E}.v13|Any CPU.Build.0 = Debug|Any CPU
		{B175A48E-0A5B-478A-9F85-4A41DEDE4E7E}.v14|Any CPU.ActiveCfg = Debug|Any CPU
		{B175A48E-0A5B-478A-9F85-4A41DEDE4E7E}.v14|Any CPU.Build.0 = Debug|Any CPU
		{B175A48E-0A5B-478A-9F85-4A41DEDE4E7E}.v15|Any CPU.ActiveCfg = Debug|Any CPU
		{B175A48E-0A5B-478A-9F85-4A41DEDE4E7E}.v15|Any CPU.Build.0 = Debug|Any CPU
		{B175A48E-0A5B-478A-9F85-4A41DEDE4E7E}.v16|Any CPU.ActiveCfg = Debug|Any CPU
		{B175A48E-0A5B-478A-9F85-4A41DEDE4E7E}.v16|Any CPU.Build.0 = Debug|Any CPU
		{B175A48E-0A5B-478A-9F85-4A41DEDE4E7E}.v17|Any CPU.ActiveCfg = Debug|Any CPU
		{B175A48E-0A5B-478A-9F85-4A41DEDE4E7E}.v17|Any CPU.Build.0 = Debug|Any CPU
		{65AA71B2-0D05-4419-98D6-648D0B393CD9}.Debug|Any CPU.ActiveCfg = Debug|Any CPU
		{65AA71B2-0D05-4419-98D6-648D0B393CD9}.Release|Any CPU.ActiveCfg = Release|Any CPU
		{65AA71B2-0D05-4419-98D6-648D0B393CD9}.Release|Any CPU.Build.0 = Release|Any CPU
		{65AA71B2-0D05-4419-98D6-648D0B393CD9}.v12|Any CPU.ActiveCfg = Debug|Any CPU
		{65AA71B2-0D05-4419-98D6-648D0B393CD9}.v12|Any CPU.Build.0 = Debug|Any CPU
		{65AA71B2-0D05-4419-98D6-648D0B393CD9}.v13|Any CPU.ActiveCfg = Debug|Any CPU
		{65AA71B2-0D05-4419-98D6-648D0B393CD9}.v13|Any CPU.Build.0 = Debug|Any CPU
		{65AA71B2-0D05-4419-98D6-648D0B393CD9}.v14|Any CPU.ActiveCfg = Debug|Any CPU
		{65AA71B2-0D05-4419-98D6-648D0B393CD9}.v14|Any CPU.Build.0 = Debug|Any CPU
		{65AA71B2-0D05-4419-98D6-648D0B393CD9}.v15|Any CPU.ActiveCfg = Debug|Any CPU
		{65AA71B2-0D05-4419-98D6-648D0B393CD9}.v15|Any CPU.Build.0 = Debug|Any CPU
		{65AA71B2-0D05-4419-98D6-648D0B393CD9}.v16|Any CPU.ActiveCfg = Debug|Any CPU
		{65AA71B2-0D05-4419-98D6-648D0B393CD9}.v16|Any CPU.Build.0 = Debug|Any CPU
		{65AA71B2-0D05-4419-98D6-648D0B393CD9}.v17|Any CPU.ActiveCfg = Debug|Any CPU
		{65AA71B2-0D05-4419-98D6-648D0B393CD9}.v17|Any CPU.Build.0 = Debug|Any CPU
		{967AF162-4CF6-4CA9-BB87-68CF95D1A48D}.Debug|Any CPU.ActiveCfg = Debug|Any CPU
		{967AF162-4CF6-4CA9-BB87-68CF95D1A48D}.Release|Any CPU.ActiveCfg = Release|Any CPU
		{967AF162-4CF6-4CA9-BB87-68CF95D1A48D}.Release|Any CPU.Build.0 = Release|Any CPU
		{967AF162-4CF6-4CA9-BB87-68CF95D1A48D}.v12|Any CPU.ActiveCfg = Debug|Any CPU
		{967AF162-4CF6-4CA9-BB87-68CF95D1A48D}.v12|Any CPU.Build.0 = Debug|Any CPU
		{967AF162-4CF6-4CA9-BB87-68CF95D1A48D}.v13|Any CPU.ActiveCfg = Debug|Any CPU
		{967AF162-4CF6-4CA9-BB87-68CF95D1A48D}.v13|Any CPU.Build.0 = Debug|Any CPU
		{967AF162-4CF6-4CA9-BB87-68CF95D1A48D}.v14|Any CPU.ActiveCfg = Debug|Any CPU
		{967AF162-4CF6-4CA9-BB87-68CF95D1A48D}.v14|Any CPU.Build.0 = Debug|Any CPU
		{967AF162-4CF6-4CA9-BB87-68CF95D1A48D}.v15|Any CPU.ActiveCfg = Debug|Any CPU
		{967AF162-4CF6-4CA9-BB87-68CF95D1A48D}.v15|Any CPU.Build.0 = Debug|Any CPU
		{967AF162-4CF6-4CA9-BB87-68CF95D1A48D}.v16|Any CPU.ActiveCfg = Debug|Any CPU
		{967AF162-4CF6-4CA9-BB87-68CF95D1A48D}.v16|Any CPU.Build.0 = Debug|Any CPU
		{967AF162-4CF6-4CA9-BB87-68CF95D1A48D}.v17|Any CPU.ActiveCfg = Debug|Any CPU
		{967AF162-4CF6-4CA9-BB87-68CF95D1A48D}.v17|Any CPU.Build.0 = Debug|Any CPU
		{F0A89A62-8C23-4CF7-AC24-129F3FE36C28}.Debug|Any CPU.ActiveCfg = Debug|Any CPU
		{F0A89A62-8C23-4CF7-AC24-129F3FE36C28}.Release|Any CPU.ActiveCfg = Release|Any CPU
		{F0A89A62-8C23-4CF7-AC24-129F3FE36C28}.Release|Any CPU.Build.0 = Release|Any CPU
		{F0A89A62-8C23-4CF7-AC24-129F3FE36C28}.v12|Any CPU.ActiveCfg = Debug|Any CPU
		{F0A89A62-8C23-4CF7-AC24-129F3FE36C28}.v12|Any CPU.Build.0 = Debug|Any CPU
		{F0A89A62-8C23-4CF7-AC24-129F3FE36C28}.v13|Any CPU.ActiveCfg = Debug|Any CPU
		{F0A89A62-8C23-4CF7-AC24-129F3FE36C28}.v13|Any CPU.Build.0 = Debug|Any CPU
		{F0A89A62-8C23-4CF7-AC24-129F3FE36C28}.v14|Any CPU.ActiveCfg = Debug|Any CPU
		{F0A89A62-8C23-4CF7-AC24-129F3FE36C28}.v14|Any CPU.Build.0 = Debug|Any CPU
		{F0A89A62-8C23-4CF7-AC24-129F3FE36C28}.v15|Any CPU.ActiveCfg = Debug|Any CPU
		{F0A89A62-8C23-4CF7-AC24-129F3FE36C28}.v15|Any CPU.Build.0 = Debug|Any CPU
		{F0A89A62-8C23-4CF7-AC24-129F3FE36C28}.v16|Any CPU.ActiveCfg = Debug|Any CPU
		{F0A89A62-8C23-4CF7-AC24-129F3FE36C28}.v16|Any CPU.Build.0 = Debug|Any CPU
		{F0A89A62-8C23-4CF7-AC24-129F3FE36C28}.v17|Any CPU.ActiveCfg = Debug|Any CPU
		{F0A89A62-8C23-4CF7-AC24-129F3FE36C28}.v17|Any CPU.Build.0 = Debug|Any CPU
		{391421C6-3DF4-446E-AEF8-8E23989B5C60}.Debug|Any CPU.ActiveCfg = Debug|Any CPU
		{391421C6-3DF4-446E-AEF8-8E23989B5C60}.Debug|Any CPU.Build.0 = Debug|Any CPU
		{391421C6-3DF4-446E-AEF8-8E23989B5C60}.Release|Any CPU.ActiveCfg = Release|Any CPU
		{391421C6-3DF4-446E-AEF8-8E23989B5C60}.Release|Any CPU.Build.0 = Release|Any CPU
		{391421C6-3DF4-446E-AEF8-8E23989B5C60}.v12|Any CPU.ActiveCfg = Debug|Any CPU
		{391421C6-3DF4-446E-AEF8-8E23989B5C60}.v12|Any CPU.Build.0 = Debug|Any CPU
		{391421C6-3DF4-446E-AEF8-8E23989B5C60}.v13|Any CPU.ActiveCfg = Debug|Any CPU
		{391421C6-3DF4-446E-AEF8-8E23989B5C60}.v13|Any CPU.Build.0 = Debug|Any CPU
		{391421C6-3DF4-446E-AEF8-8E23989B5C60}.v14|Any CPU.ActiveCfg = Debug|Any CPU
		{391421C6-3DF4-446E-AEF8-8E23989B5C60}.v14|Any CPU.Build.0 = Debug|Any CPU
		{391421C6-3DF4-446E-AEF8-8E23989B5C60}.v15|Any CPU.ActiveCfg = Debug|Any CPU
		{391421C6-3DF4-446E-AEF8-8E23989B5C60}.v15|Any CPU.Build.0 = Debug|Any CPU
		{391421C6-3DF4-446E-AEF8-8E23989B5C60}.v16|Any CPU.ActiveCfg = Debug|Any CPU
		{391421C6-3DF4-446E-AEF8-8E23989B5C60}.v16|Any CPU.Build.0 = Debug|Any CPU
		{391421C6-3DF4-446E-AEF8-8E23989B5C60}.v17|Any CPU.ActiveCfg = Debug|Any CPU
		{391421C6-3DF4-446E-AEF8-8E23989B5C60}.v17|Any CPU.Build.0 = Debug|Any CPU
	EndGlobalSection
	GlobalSection(SolutionProperties) = preSolution
		HideSolutionNode = FALSE
	EndGlobalSection
	GlobalSection(ExtensibilityGlobals) = postSolution
		SolutionGuid = {8E1B13F1-1904-4143-92D3-D964F5C307D5}
	EndGlobalSection
EndGlobal
